// !$*UTF8*$!
{
	archiveVersion = 1;
	classes = {
	};
	objectVersion = 50;
	objects = {

/* Begin PBXBuildFile section */
		463A271A27592B0D000304D0 /* AppDelegate.swift in Sources */ = {isa = PBXBuildFile; fileRef = 463A271927592B0D000304D0 /* AppDelegate.swift */; };
		463A271C27592B0D000304D0 /* SceneDelegate.swift in Sources */ = {isa = PBXBuildFile; fileRef = 463A271B27592B0D000304D0 /* SceneDelegate.swift */; };
		463A271E27592B0D000304D0 /* ViewController.swift in Sources */ = {isa = PBXBuildFile; fileRef = 463A271D27592B0D000304D0 /* ViewController.swift */; };
		463A272127592B0D000304D0 /* Main.storyboard in Resources */ = {isa = PBXBuildFile; fileRef = 463A271F27592B0D000304D0 /* Main.storyboard */; };
		463A272327592B0E000304D0 /* Assets.xcassets in Resources */ = {isa = PBXBuildFile; fileRef = 463A272227592B0E000304D0 /* Assets.xcassets */; };
		463A272627592B0E000304D0 /* LaunchScreen.storyboard in Resources */ = {isa = PBXBuildFile; fileRef = 463A272427592B0E000304D0 /* LaunchScreen.storyboard */; };
		463A273A27592B9F000304D0 /* BSBuilder.swift in Sources */ = {isa = PBXBuildFile; fileRef = 463A273927592B9F000304D0 /* BSBuilder.swift */; };
		463A274B27592D69000304D0 /* BSTabBarItemCell.swift in Sources */ = {isa = PBXBuildFile; fileRef = 463A274727592D69000304D0 /* BSTabBarItemCell.swift */; };
		463A274C27592D69000304D0 /* BSTabBarFlowLayout.swift in Sources */ = {isa = PBXBuildFile; fileRef = 463A274827592D69000304D0 /* BSTabBarFlowLayout.swift */; };
		463A274D27592D69000304D0 /* BSTabBar.swift in Sources */ = {isa = PBXBuildFile; fileRef = 463A274927592D69000304D0 /* BSTabBar.swift */; };
		463A274E27592D69000304D0 /* BSTabBarConfiguration.swift in Sources */ = {isa = PBXBuildFile; fileRef = 463A274A27592D69000304D0 /* BSTabBarConfiguration.swift */; };
/* End PBXBuildFile section */

/* Begin PBXFileReference section */
		463A271627592B0D000304D0 /* BSTabBar.app */ = {isa = PBXFileReference; explicitFileType = wrapper.application; includeInIndex = 0; path = BSTabBar.app; sourceTree = BUILT_PRODUCTS_DIR; };
		463A271927592B0D000304D0 /* AppDelegate.swift */ = {isa = PBXFileReference; lastKnownFileType = sourcecode.swift; path = AppDelegate.swift; sourceTree = "<group>"; };
		463A271B27592B0D000304D0 /* SceneDelegate.swift */ = {isa = PBXFileReference; lastKnownFileType = sourcecode.swift; path = SceneDelegate.swift; sourceTree = "<group>"; };
		463A271D27592B0D000304D0 /* ViewController.swift */ = {isa = PBXFileReference; lastKnownFileType = sourcecode.swift; path = ViewController.swift; sourceTree = "<group>"; };
		463A272027592B0D000304D0 /* Base */ = {isa = PBXFileReference; lastKnownFileType = file.storyboard; name = Base; path = Base.lproj/Main.storyboard; sourceTree = "<group>"; };
		463A272227592B0E000304D0 /* Assets.xcassets */ = {isa = PBXFileReference; lastKnownFileType = folder.assetcatalog; path = Assets.xcassets; sourceTree = "<group>"; };
		463A272527592B0E000304D0 /* Base */ = {isa = PBXFileReference; lastKnownFileType = file.storyboard; name = Base; path = Base.lproj/LaunchScreen.storyboard; sourceTree = "<group>"; };
		463A272727592B0E000304D0 /* Info.plist */ = {isa = PBXFileReference; lastKnownFileType = text.plist.xml; path = Info.plist; sourceTree = "<group>"; };
		463A273927592B9F000304D0 /* BSBuilder.swift */ = {isa = PBXFileReference; fileEncoding = 4; lastKnownFileType = sourcecode.swift; path = BSBuilder.swift; sourceTree = "<group>"; };
		463A274727592D69000304D0 /* BSTabBarItemCell.swift */ = {isa = PBXFileReference; fileEncoding = 4; lastKnownFileType = sourcecode.swift; path = BSTabBarItemCell.swift; sourceTree = "<group>"; };
		463A274827592D69000304D0 /* BSTabBarFlowLayout.swift */ = {isa = PBXFileReference; fileEncoding = 4; lastKnownFileType = sourcecode.swift; path = BSTabBarFlowLayout.swift; sourceTree = "<group>"; };
		463A274927592D69000304D0 /* BSTabBar.swift */ = {isa = PBXFileReference; fileEncoding = 4; lastKnownFileType = sourcecode.swift; path = BSTabBar.swift; sourceTree = "<group>"; };
		463A274A27592D69000304D0 /* BSTabBarConfiguration.swift */ = {isa = PBXFileReference; fileEncoding = 4; lastKnownFileType = sourcecode.swift; path = BSTabBarConfiguration.swift; sourceTree = "<group>"; };
/* End PBXFileReference section */

/* Begin PBXFrameworksBuildPhase section */
		463A271327592B0D000304D0 /* Frameworks */ = {
			isa = PBXFrameworksBuildPhase;
			buildActionMask = 2147483647;
			files = (
			);
			runOnlyForDeploymentPostprocessing = 0;
		};
/* End PBXFrameworksBuildPhase section */

/* Begin PBXGroup section */
		463A270D27592B0D000304D0 = {
			isa = PBXGroup;
			children = (
				463A271827592B0D000304D0 /* BSTabBar */,
				463A271727592B0D000304D0 /* Products */,
			);
			sourceTree = "<group>";
		};
		463A271727592B0D000304D0 /* Products */ = {
			isa = PBXGroup;
			children = (
				463A271627592B0D000304D0 /* BSTabBar.app */,
			);
			name = Products;
			sourceTree = "<group>";
		};
		463A271827592B0D000304D0 /* BSTabBar */ = {
			isa = PBXGroup;
			children = (
				463A272E27592B25000304D0 /* Source */,
				463A271927592B0D000304D0 /* AppDelegate.swift */,
				463A271B27592B0D000304D0 /* SceneDelegate.swift */,
				463A271D27592B0D000304D0 /* ViewController.swift */,
				463A271F27592B0D000304D0 /* Main.storyboard */,
				463A272227592B0E000304D0 /* Assets.xcassets */,
				463A272427592B0E000304D0 /* LaunchScreen.storyboard */,
				463A272727592B0E000304D0 /* Info.plist */,
			);
			path = BSTabBar;
			sourceTree = "<group>";
		};
		463A272E27592B25000304D0 /* Source */ = {
			isa = PBXGroup;
			children = (
				463A274927592D69000304D0 /* BSTabBar.swift */,
				463A274A27592D69000304D0 /* BSTabBarConfiguration.swift */,
				463A274827592D69000304D0 /* BSTabBarFlowLayout.swift */,
				463A274727592D69000304D0 /* BSTabBarItemCell.swift */,
				463A273927592B9F000304D0 /* BSBuilder.swift */,
			);
			path = Source;
			sourceTree = "<group>";
		};
/* End PBXGroup section */

/* Begin PBXNativeTarget section */
		463A271527592B0D000304D0 /* BSTabBar */ = {
			isa = PBXNativeTarget;
			buildConfigurationList = 463A272A27592B0E000304D0 /* Build configuration list for PBXNativeTarget "BSTabBar" */;
			buildPhases = (
				463A271227592B0D000304D0 /* Sources */,
				463A271327592B0D000304D0 /* Frameworks */,
				463A271427592B0D000304D0 /* Resources */,
			);
			buildRules = (
			);
			dependencies = (
			);
			name = BSTabBar;
			productName = BSTabBAr;
			productReference = 463A271627592B0D000304D0 /* BSTabBar.app */;
			productType = "com.apple.product-type.application";
		};
/* End PBXNativeTarget section */

/* Begin PBXProject section */
		463A270E27592B0D000304D0 /* Project object */ = {
			isa = PBXProject;
			attributes = {
				LastSwiftUpdateCheck = 1220;
				LastUpgradeCheck = 1220;
				TargetAttributes = {
					463A271527592B0D000304D0 = {
						CreatedOnToolsVersion = 12.2;
					};
				};
			};
			buildConfigurationList = 463A271127592B0D000304D0 /* Build configuration list for PBXProject "BSTabBar" */;
			compatibilityVersion = "Xcode 9.3";
			developmentRegion = en;
			hasScannedForEncodings = 0;
			knownRegions = (
				en,
				Base,
			);
			mainGroup = 463A270D27592B0D000304D0;
			productRefGroup = 463A271727592B0D000304D0 /* Products */;
			projectDirPath = "";
			projectRoot = "";
			targets = (
				463A271527592B0D000304D0 /* BSTabBar */,
			);
		};
/* End PBXProject section */

/* Begin PBXResourcesBuildPhase section */
		463A271427592B0D000304D0 /* Resources */ = {
			isa = PBXResourcesBuildPhase;
			buildActionMask = 2147483647;
			files = (
				463A272627592B0E000304D0 /* LaunchScreen.storyboard in Resources */,
				463A272327592B0E000304D0 /* Assets.xcassets in Resources */,
				463A272127592B0D000304D0 /* Main.storyboard in Resources */,
			);
			runOnlyForDeploymentPostprocessing = 0;
		};
/* End PBXResourcesBuildPhase section */

/* Begin PBXSourcesBuildPhase section */
		463A271227592B0D000304D0 /* Sources */ = {
			isa = PBXSourcesBuildPhase;
			buildActionMask = 2147483647;
			files = (
				463A271E27592B0D000304D0 /* ViewController.swift in Sources */,
				463A271A27592B0D000304D0 /* AppDelegate.swift in Sources */,
				463A274D27592D69000304D0 /* BSTabBar.swift in Sources */,
				463A274C27592D69000304D0 /* BSTabBarFlowLayout.swift in Sources */,
				463A271C27592B0D000304D0 /* SceneDelegate.swift in Sources */,
				463A274B27592D69000304D0 /* BSTabBarItemCell.swift in Sources */,
				463A273A27592B9F000304D0 /* BSBuilder.swift in Sources */,
				463A274E27592D69000304D0 /* BSTabBarConfiguration.swift in Sources */,
			);
			runOnlyForDeploymentPostprocessing = 0;
		};
/* End PBXSourcesBuildPhase section */

/* Begin PBXVariantGroup section */
		463A271F27592B0D000304D0 /* Main.storyboard */ = {
			isa = PBXVariantGroup;
			children = (
				463A272027592B0D000304D0 /* Base */,
			);
			name = Main.storyboard;
			sourceTree = "<group>";
		};
		463A272427592B0E000304D0 /* LaunchScreen.storyboard */ = {
			isa = PBXVariantGroup;
			children = (
				463A272527592B0E000304D0 /* Base */,
			);
			name = LaunchScreen.storyboard;
			sourceTree = "<group>";
		};
/* End PBXVariantGroup section */

/* Begin XCBuildConfiguration section */
		463A272827592B0E000304D0 /* Debug */ = {
			isa = XCBuildConfiguration;
			buildSettings = {
				ALWAYS_SEARCH_USER_PATHS = NO;
				CLANG_ANALYZER_NONNULL = YES;
				CLANG_ANALYZER_NUMBER_OBJECT_CONVERSION = YES_AGGRESSIVE;
				CLANG_CXX_LANGUAGE_STANDARD = "gnu++14";
				CLANG_CXX_LIBRARY = "libc++";
				CLANG_ENABLE_MODULES = YES;
				CLANG_ENABLE_OBJC_ARC = YES;
				CLANG_ENABLE_OBJC_WEAK = YES;
				CLANG_WARN_BLOCK_CAPTURE_AUTORELEASING = YES;
				CLANG_WARN_BOOL_CONVERSION = YES;
				CLANG_WARN_COMMA = YES;
				CLANG_WARN_CONSTANT_CONVERSION = YES;
				CLANG_WARN_DEPRECATED_OBJC_IMPLEMENTATIONS = YES;
				CLANG_WARN_DIRECT_OBJC_ISA_USAGE = YES_ERROR;
				CLANG_WARN_DOCUMENTATION_COMMENTS = YES;
				CLANG_WARN_EMPTY_BODY = YES;
				CLANG_WARN_ENUM_CONVERSION = YES;
				CLANG_WARN_INFINITE_RECURSION = YES;
				CLANG_WARN_INT_CONVERSION = YES;
				CLANG_WARN_NON_LITERAL_NULL_CONVERSION = YES;
				CLANG_WARN_OBJC_IMPLICIT_RETAIN_SELF = YES;
				CLANG_WARN_OBJC_LITERAL_CONVERSION = YES;
				CLANG_WARN_OBJC_ROOT_CLASS = YES_ERROR;
				CLANG_WARN_QUOTED_INCLUDE_IN_FRAMEWORK_HEADER = YES;
				CLANG_WARN_RANGE_LOOP_ANALYSIS = YES;
				CLANG_WARN_STRICT_PROTOTYPES = YES;
				CLANG_WARN_SUSPICIOUS_MOVE = YES;
				CLANG_WARN_UNGUARDED_AVAILABILITY = YES_AGGRESSIVE;
				CLANG_WARN_UNREACHABLE_CODE = YES;
				CLANG_WARN__DUPLICATE_METHOD_MATCH = YES;
				COPY_PHASE_STRIP = NO;
				DEBUG_INFORMATION_FORMAT = dwarf;
				ENABLE_STRICT_OBJC_MSGSEND = YES;
				ENABLE_TESTABILITY = YES;
				GCC_C_LANGUAGE_STANDARD = gnu11;
				GCC_DYNAMIC_NO_PIC = NO;
				GCC_NO_COMMON_BLOCKS = YES;
				GCC_OPTIMIZATION_LEVEL = 0;
				GCC_PREPROCESSOR_DEFINITIONS = (
					"DEBUG=1",
					"$(inherited)",
				);
				GCC_WARN_64_TO_32_BIT_CONVERSION = YES;
				GCC_WARN_ABOUT_RETURN_TYPE = YES_ERROR;
				GCC_WARN_UNDECLARED_SELECTOR = YES;
				GCC_WARN_UNINITIALIZED_AUTOS = YES_AGGRESSIVE;
				GCC_WARN_UNUSED_FUNCTION = YES;
				GCC_WARN_UNUSED_VARIABLE = YES;
				IPHONEOS_DEPLOYMENT_TARGET = 14.2;
				MTL_ENABLE_DEBUG_INFO = INCLUDE_SOURCE;
				MTL_FAST_MATH = YES;
				ONLY_ACTIVE_ARCH = YES;
				SDKROOT = iphoneos;
				SWIFT_ACTIVE_COMPILATION_CONDITIONS = DEBUG;
				SWIFT_OPTIMIZATION_LEVEL = "-Onone";
			};
			name = Debug;
		};
		463A272927592B0E000304D0 /* Release */ = {
			isa = XCBuildConfiguration;
			buildSettings = {
				ALWAYS_SEARCH_USER_PATHS = NO;
				CLANG_ANALYZER_NONNULL = YES;
				CLANG_ANALYZER_NUMBER_OBJECT_CONVERSION = YES_AGGRESSIVE;
				CLANG_CXX_LANGUAGE_STANDARD = "gnu++14";
				CLANG_CXX_LIBRARY = "libc++";
				CLANG_ENABLE_MODULES = YES;
				CLANG_ENABLE_OBJC_ARC = YES;
				CLANG_ENABLE_OBJC_WEAK = YES;
				CLANG_WARN_BLOCK_CAPTURE_AUTORELEASING = YES;
				CLANG_WARN_BOOL_CONVERSION = YES;
				CLANG_WARN_COMMA = YES;
				CLANG_WARN_CONSTANT_CONVERSION = YES;
				CLANG_WARN_DEPRECATED_OBJC_IMPLEMENTATIONS = YES;
				CLANG_WARN_DIRECT_OBJC_ISA_USAGE = YES_ERROR;
				CLANG_WARN_DOCUMENTATION_COMMENTS = YES;
				CLANG_WARN_EMPTY_BODY = YES;
				CLANG_WARN_ENUM_CONVERSION = YES;
				CLANG_WARN_INFINITE_RECURSION = YES;
				CLANG_WARN_INT_CONVERSION = YES;
				CLANG_WARN_NON_LITERAL_NULL_CONVERSION = YES;
				CLANG_WARN_OBJC_IMPLICIT_RETAIN_SELF = YES;
				CLANG_WARN_OBJC_LITERAL_CONVERSION = YES;
				CLANG_WARN_OBJC_ROOT_CLASS = YES_ERROR;
				CLANG_WARN_QUOTED_INCLUDE_IN_FRAMEWORK_HEADER = YES;
				CLANG_WARN_RANGE_LOOP_ANALYSIS = YES;
				CLANG_WARN_STRICT_PROTOTYPES = YES;
				CLANG_WARN_SUSPICIOUS_MOVE = YES;
				CLANG_WARN_UNGUARDED_AVAILABILITY = YES_AGGRESSIVE;
				CLANG_WARN_UNREACHABLE_CODE = YES;
				CLANG_WARN__DUPLICATE_METHOD_MATCH = YES;
				COPY_PHASE_STRIP = NO;
				DEBUG_INFORMATION_FORMAT = "dwarf-with-dsym";
				ENABLE_NS_ASSERTIONS = NO;
				ENABLE_STRICT_OBJC_MSGSEND = YES;
				GCC_C_LANGUAGE_STANDARD = gnu11;
				GCC_NO_COMMON_BLOCKS = YES;
				GCC_WARN_64_TO_32_BIT_CONVERSION = YES;
				GCC_WARN_ABOUT_RETURN_TYPE = YES_ERROR;
				GCC_WARN_UNDECLARED_SELECTOR = YES;
				GCC_WARN_UNINITIALIZED_AUTOS = YES_AGGRESSIVE;
				GCC_WARN_UNUSED_FUNCTION = YES;
				GCC_WARN_UNUSED_VARIABLE = YES;
				IPHONEOS_DEPLOYMENT_TARGET = 14.2;
				MTL_ENABLE_DEBUG_INFO = NO;
				MTL_FAST_MATH = YES;
				SDKROOT = iphoneos;
				SWIFT_COMPILATION_MODE = wholemodule;
				SWIFT_OPTIMIZATION_LEVEL = "-O";
				VALIDATE_PRODUCT = YES;
			};
			name = Release;
		};
		463A272B27592B0E000304D0 /* Debug */ = {
			isa = XCBuildConfiguration;
			buildSettings = {
				ASSETCATALOG_COMPILER_APPICON_NAME = AppIcon;
				ASSETCATALOG_COMPILER_GLOBAL_ACCENT_COLOR_NAME = AccentColor;
				CODE_SIGN_STYLE = Automatic;
				DEVELOPMENT_TEAM = 79399T3H3C;
				INFOPLIST_FILE = BSTabBAr/Info.plist;
				LD_RUNPATH_SEARCH_PATHS = (
					"$(inherited)",
					"@executable_path/Frameworks",
				);
				PRODUCT_BUNDLE_IDENTIFIER = YCStudio.com.BSTabBar;
				PRODUCT_NAME = "$(TARGET_NAME)";
				SWIFT_VERSION = 5.0;
				TARGETED_DEVICE_FAMILY = "1,2";
			};
			name = Debug;
		};
		463A272C27592B0E000304D0 /* Release */ = {
			isa = XCBuildConfiguration;
			buildSettings = {
				ASSETCATALOG_COMPILER_APPICON_NAME = AppIcon;
				ASSETCATALOG_COMPILER_GLOBAL_ACCENT_COLOR_NAME = AccentColor;
				CODE_SIGN_STYLE = Automatic;
				DEVELOPMENT_TEAM = 79399T3H3C;
				INFOPLIST_FILE = BSTabBAr/Info.plist;
				LD_RUNPATH_SEARCH_PATHS = (
					"$(inherited)",
					"@executable_path/Frameworks",
				);
				PRODUCT_BUNDLE_IDENTIFIER = YCStudio.com.BSTabBar;
				PRODUCT_NAME = "$(TARGET_NAME)";
				SWIFT_VERSION = 5.0;
				TARGETED_DEVICE_FAMILY = "1,2";
			};
			name = Release;
		};
/* End XCBuildConfiguration section */

/* Begin XCConfigurationList section */
		463A271127592B0D000304D0 /* Build configuration list for PBXProject "BSTabBar" */ = {
			isa = XCConfigurationList;
			buildConfigurations = (
				463A272827592B0E000304D0 /* Debug */,
				463A272927592B0E000304D0 /* Release */,
			);
			defaultConfigurationIsVisible = 0;
			defaultConfigurationName = Release;
		};
		463A272A27592B0E000304D0 /* Build configuration list for PBXNativeTarget "BSTabBar" */ = {
			isa = XCConfigurationList;
			buildConfigurations = (
				463A272B27592B0E000304D0 /* Debug */,
				463A272C27592B0E000304D0 /* Release */,
			);
			defaultConfigurationIsVisible = 0;
			defaultConfigurationName = Release;
		};
/* End XCConfigurationList section */
	};
	rootObject = 463A270E27592B0D000304D0 /* Project object */;
}
